
Microsoft Visual Studio Solution File, Format Version 12.00
# Visual Studio 14
VisualStudioVersion = 14.0.25420.1
MinimumVisualStudioVersion = 10.0.40219.1
Project("{2150E333-8FDC-42A3-9474-1A3956D46DE8}") = "src", "src", "{A1652BF7-AC8B-43ED-A1AC-BC7D00423F54}"
EndProject
Project("{2150E333-8FDC-42A3-9474-1A3956D46DE8}") = "Solution Items", "Solution Items", "{0091DF59-42A9-414A-8FDB-B9B3CFB13761}"
	ProjectSection(SolutionItems) = preProject
		global.json = global.json
	EndProjectSection
EndProject
Project("{8BB2217D-0F2D-49D1-97BC-3654ED321F3B}") = "ConsoleApp", "src\ConsoleApp\ConsoleApp.xproj", "{ED2F1ABE-66B2-4318-8792-5646F32500E5}"
EndProject
Global
	GlobalSection(SolutionConfigurationPlatforms) = preSolution
		Debug|Any CPU = Debug|Any CPU
		Release|Any CPU = Release|Any CPU
	EndGlobalSection
	GlobalSection(ProjectConfigurationPlatforms) = postSolution
		{ED2F1ABE-66B2-4318-8792-5646F32500E5}.Debug|Any CPU.ActiveCfg = Debug|Any CPU
		{ED2F1ABE-66B2-4318-8792-5646F32500E5}.Debug|Any CPU.Build.0 = Debug|Any CPU
		{ED2F1ABE-66B2-4318-8792-5646F32500E5}.Release|Any CPU.ActiveCfg = Release|Any CPU
		{ED2F1ABE-66B2-4318-8792-5646F32500E5}.Release|Any CPU.Build.0 = Release|Any CPU
	EndGlobalSection
	GlobalSection(SolutionProperties) = preSolution
		HideSolutionNode = FALSE
	EndGlobalSection
	GlobalSection(NestedProjects) = preSolution
		{ED2F1ABE-66B2-4318-8792-5646F32500E5} = {A1652BF7-AC8B-43ED-A1AC-BC7D00423F54}
	EndGlobalSection
EndGlobal
